{
  "name": "bramhack24",
  "lockfileVersion": 3,
  "requires": true,
  "packages": {
    "": {
      "dependencies": {
        "@angular/cdk": "^12.0.0",
        "survey-angular-ui": "^1.12.9",
        "survey-core": "^1.12.9"
      }
    },
    "node_modules/@angular/cdk": {
      "version": "12.0.0",
      "resolved": "https://registry.npmjs.org/@angular/cdk/-/cdk-12.0.0.tgz",
      "integrity": "sha512-Ij1wNlufbwH2R3zVwkiJgrI0Oc4+yuveEFWMnckcZ7t6E3drmeS1/YeHSbYlWau+fglWs7LtJWC4dEIpGymvzg==",
      "license": "MIT",
      "dependencies": {
        "tslib": "^2.1.0"
      },
      "optionalDependencies": {
        "parse5": "^5.0.0"
      },
      "peerDependencies": {
        "@angular/common": "^12.0.0 || ^13.0.0-0",
        "@angular/core": "^12.0.0 || ^13.0.0-0",
        "rxjs": "^6.5.3"
      }
    },
    "node_modules/@angular/common": {
      "version": "13.4.0",
      "resolved": "https://registry.npmjs.org/@angular/common/-/common-13.4.0.tgz",
      "integrity": "sha512-DHbPqRaxW7GmnkxqZaaasgC5OaFTeTBrmr7MJUsqsSGePHWuJYWU4QS3Fn86zd/VESJgBGmq2aCDEUmzfjnRQA==",
      "license": "MIT",
      "peer": true,
      "dependencies": {
        "tslib": "^2.3.0"
      },
      "engines": {
        "node": "^12.20.0 || ^14.15.0 || >=16.10.0"
      },
      "peerDependencies": {
        "@angular/core": "13.4.0",
        "rxjs": "^6.5.3 || ^7.4.0"
      }
    },
    "node_modules/@angular/core": {
      "version": "13.4.0",
      "resolved": "https://registry.npmjs.org/@angular/core/-/core-13.4.0.tgz",
      "integrity": "sha512-RE9KL7pRj+3lkJjdSR2uKmqiG0gqjnoVCMbSLG93pWrmzNIhElmlkiDaK39aMHGl836dc68Usv9CEisyVnRqHQ==",
      "license": "MIT",
      "peer": true,
      "dependencies": {
        "tslib": "^2.3.0"
      },
      "engines": {
        "node": "^12.20.0 || ^14.15.0 || >=16.10.0"
      },
      "peerDependencies": {
        "rxjs": "^6.5.3 || ^7.4.0",
        "zone.js": "~0.11.4"
      }
    },
    "node_modules/@angular/forms": {
      "version": "18.2.11",
      "resolved": "https://registry.npmjs.org/@angular/forms/-/forms-18.2.11.tgz",
      "integrity": "sha512-QjxayOxDTqsTJGBzfWd3nms1LZIXj2f1+wIPxxUNXyNS5ZaM7hBWkz2BTFYeewlD/HdNj0alNVCYK3M8ElLWYw==",
      "license": "MIT",
      "peer": true,
      "dependencies": {
        "tslib": "^2.3.0"
      },
      "engines": {
        "node": "^18.19.1 || ^20.11.1 || >=22.0.0"
      },
      "peerDependencies": {
        "@angular/common": "18.2.11",
        "@angular/core": "18.2.11",
        "@angular/platform-browser": "18.2.11",
        "rxjs": "^6.5.3 || ^7.4.0"
      }
    },
    "node_modules/@angular/platform-browser": {
      "version": "18.2.11",
      "resolved": "https://registry.npmjs.org/@angular/platform-browser/-/platform-browser-18.2.11.tgz",
      "integrity": "sha512-bzcP0QdPT/ncTxOx0t7901z5m0wDmkraTo/es4g8reV6VK9Ptv0QDuD8aDvrHh7sLCX5VgwDF9ohc6S2TpYUCA==",
      "license": "MIT",
      "peer": true,
      "dependencies": {
        "tslib": "^2.3.0"
      },
      "engines": {
        "node": "^18.19.1 || ^20.11.1 || >=22.0.0"
      },
      "peerDependencies": {
        "@angular/animations": "18.2.11",
        "@angular/common": "18.2.11",
        "@angular/core": "18.2.11"
      },
      "peerDependenciesMeta": {
        "@angular/animations": {
          "optional": true
        }
      }
    },
    "node_modules/parse5": {
      "version": "5.1.1",
      "resolved": "https://registry.npmjs.org/parse5/-/parse5-5.1.1.tgz",
      "integrity": "sha512-ugq4DFI0Ptb+WWjAdOK16+u/nHfiIrcE+sh8kZMaM0WllQKLI9rOUq6c2b7cwPkXdzfQESqvoqK6ug7U/Yyzug==",
      "license": "MIT",
      "optional": true
    },
    "node_modules/rxjs": {
      "version": "6.6.7",
      "resolved": "https://registry.npmjs.org/rxjs/-/rxjs-6.6.7.tgz",
      "integrity": "sha512-hTdwr+7yYNIT5n4AMYp85KA6yw2Va0FLa3Rguvbpa4W3I5xynaBZo41cM3XM+4Q6fRMj3sBYIR1VAmZMXYJvRQ==",
      "license": "Apache-2.0",
      "peer": true,
      "dependencies": {
        "tslib": "^1.9.0"
      },
      "engines": {
        "npm": ">=2.0.0"
      }
    },
    "node_modules/rxjs/node_modules/tslib": {
      "version": "1.14.1",
      "resolved": "https://registry.npmjs.org/tslib/-/tslib-1.14.1.tgz",
      "integrity": "sha512-Xni35NKzjgMrwevysHTCArtLDpPvye8zV/0E4EyYn43P7/7qvQwPh9BGkHewbMulVntbigmcT7rdX3BNo9wRJg==",
      "license": "0BSD",
      "peer": true
    },
    "node_modules/survey-angular-ui": {
      "version": "1.12.9",
      "resolved": "https://registry.npmjs.org/survey-angular-ui/-/survey-angular-ui-1.12.9.tgz",
      "integrity": "sha512-dsK3IRJbGSK8RiModIjZXZATNhF7POn/TvYC8EDvt1GvM/pVdBCIneTLh4HHmU8AIqkvAZLnA32qYHHp+rYF8w==",
      "license": "MIT",
      "dependencies": {
        "tslib": "^2.3.0"
      },
      "peerDependencies": {
        "@angular/cdk": "*",
        "@angular/core": "*",
        "@angular/forms": "*",
        "survey-core": "1.12.9"
      }
    },
    "node_modules/survey-core": {
      "version": "1.12.9",
      "resolved": "https://registry.npmjs.org/survey-core/-/survey-core-1.12.9.tgz",
      "integrity": "sha512-vBV2ysXtxUacOdFzCDEkboiqlo5OtJh6tL2AD3QA/pYe+tnp1o02vRp27kjcH4T71EkUGOeZMcNWq0tz7n6YAg==",
      "license": "MIT"
    },
    "node_modules/tslib": {
      "version": "2.8.1",
      "resolved": "https://registry.npmjs.org/tslib/-/tslib-2.8.1.tgz",
      "integrity": "sha512-oJFu94HQb+KVduSUQL7wnpmqnfmLsOA/nAh6b6EH0wCEoK0/mPeXU6c3wKDV83MkOuHPRHtSXKKU99IBazS/2w==",
      "license": "0BSD"
    },
    "node_modules/zone.js": {
      "version": "0.11.8",
      "resolved": "https://registry.npmjs.org/zone.js/-/zone.js-0.11.8.tgz",
      "integrity": "sha512-82bctBg2hKcEJ21humWIkXRlLBBmrc3nN7DFh5LGGhcyycO2S7FN8NmdvlcKaGFDNVL4/9kFLmwmInTavdJERA==",
      "license": "MIT",
      "peer": true,
      "dependencies": {
        "tslib": "^2.3.0"
      }
    }
  }
}
